# This file is automatically @generated by Cargo.
# It is not intended for manual editing.
version = 4

[[package]]
name = "icstudio-geometry"
version = "0.1.0"

[[package]]
name = "icstudio-platform"
version = "0.1.0"
dependencies = [
 "icstudio-project",
 "icstudio-rpc",
]

[[package]]
name = "icstudio-project"
version = "0.1.0"

[[package]]
name = "icstudio-rpc"
version = "0.1.0"
